{
    "_readme": [
        "This file locks the dependencies of your project to a known state",
        "Read more about it at https://getcomposer.org/doc/01-basic-usage.md#installing-dependencies",
        "This file is @generated automatically"
    ],
    "content-hash": "7a3ff9eedc6d63ac7136b88d04c673d1",
    "packages": [
        {
            "name": "brick/math",
            "version": "0.12.1",
            "source": {
                "type": "git",
                "url": "https://github.com/brick/math.git",
                "reference": "f510c0a40911935b77b86859eb5223d58d660df1"
            },
            "dist": {
                "type": "zip",
                "url": "https://api.github.com/repos/brick/math/zipball/f510c0a40911935b77b86859eb5223d58d660df1",
                "reference": "f510c0a40911935b77b86859eb5223d58d660df1",
                "shasum": ""
            },
            "require": {
                "php": "^8.1"
            },
            "require-dev": {
                "php-coveralls/php-coveralls": "^2.2",
                "phpunit/phpunit": "^10.1",
                "vimeo/psalm": "5.16.0"
            },
            "type": "library",
            "autoload": {
                "psr-4": {
                    "Brick\\Math\\": "src/"
                }
            },
            "notification-url": "https://packagist.org/downloads/",
            "license": [
                "MIT"
            ],
            "description": "Arbitrary-precision arithmetic library",
            "keywords": [
                "Arbitrary-precision",
                "BigInteger",
                "BigRational",
                "arithmetic",
                "bigdecimal",
                "bignum",
                "bignumber",
                "brick",
                "decimal",
                "integer",
                "math",
                "mathematics",
                "rational"
            ],
            "support": {
                "issues": "https://github.com/brick/math/issues",
                "source": "https://github.com/brick/math/tree/0.12.1"
            },
            "funding": [
                {
                    "url": "https://github.com/BenMorel",
                    "type": "github"
                }
            ],
            "time": "2023-11-29T23:19:16+00:00"
        },
        {
            "name": "nicolasflamel/mwc-pay",
            "version": "v0.3.1",
            "source": {
                "type": "git",
                "url": "https://github.com/NicolasFlamel1/MWC-Pay-PHP-SDK.git",
                "reference": "e5af5796776f513e3a7526cf956725b88545ddcb"
            },
            "dist": {
                "type": "zip",
                "url": "https://api.github.com/repos/NicolasFlamel1/MWC-Pay-PHP-SDK/zipball/e5af5796776f513e3a7526cf956725b88545ddcb",
                "reference": "e5af5796776f513e3a7526cf956725b88545ddcb",
                "shasum": ""
            },
            "require": {
                "php": ">=8.0.0"
            },
            "type": "library",
            "autoload": {
                "psr-4": {
                    "Nicolasflamel\\MwcPay\\": "src/"
                }
            },
            "notification-url": "https://packagist.org/downloads/",
            "license": [
                "MIT"
            ],
            "authors": [
                {
                    "name": "Nicolas Flamel"
                }
            ],
            "description": "PHP SDK for MWC Pay",
            "keywords": [
                "MWC",
                "MWC Pay",
                "MimbleWimble Coin",
                "Mimblewimble",
                "crypto",
                "cryptocurrency",
                "payment processor"
            ],
            "support": {
                "issues": "https://github.com/NicolasFlamel1/MWC-Pay-PHP-SDK/issues",
                "source": "https://github.com/NicolasFlamel1/MWC-Pay-PHP-SDK/tree/v0.3.1"
            },
            "time": "2024-02-15T09:15:25+00:00"
        }
    ],
    "packages-dev": [],
    "aliases": [],
    "minimum-stability": "stable",
    "stability-flags": [],
    "prefer-stable": false,
    "prefer-lowest": false,
    "platform": [],
    "platform-dev": [],
    "plugin-api-version": "2.6.0"
}
